Microsoft Visual Studio Solution File, Format Version 12.00
# Visual Studio Version 17
VisualStudioVersion = 17.5.2.0
MinimumVisualStudioVersion = 10.0.40219.1
Project("{FAE04EC0-301F-11D3-BF4B-00C04F79EFBC}") = "theunsafebank", "c:\Users\gus\Documents\BY\SUVNET\SUVNET25\OOP2\v09\theunsafebank\theunsafebank.csproj", "{415519A6-AAB9-F936-EA50-95183A1BB3DA}"
EndProject
Global
	GlobalSection(SolutionConfigurationPlatforms) = preSolution
		Debug|Any CPU = Debug|Any CPU
		Release|Any CPU = Release|Any CPU
	EndGlobalSection
	GlobalSection(ProjectConfigurationPlatforms) = postSolution
		{415519A6-AAB9-F936-EA50-95183A1BB3DA}.Debug|Any CPU.ActiveCfg = Debug|Any CPU
		{415519A6-AAB9-F936-EA50-95183A1BB3DA}.Debug|Any CPU.Build.0 = Debug|Any CPU
		{415519A6-AAB9-F936-EA50-95183A1BB3DA}.Release|Any CPU.ActiveCfg = Release|Any CPU
		{415519A6-AAB9-F936-EA50-95183A1BB3DA}.Release|Any CPU.Build.0 = Release|Any CPU
	EndGlobalSection
	GlobalSection(SolutionProperties) = preSolution
		HideSolutionNode = FALSE
	EndGlobalSection
	GlobalSection(ExtensibilityGlobals) = postSolution
		SolutionGuid = {6A40C305-28F2-4427-B8C9-C8E5019FC04F}
	EndGlobalSection
EndGlobal
